// !$*UTF8*$!
{
	archiveVersion = 1;
	classes = {
	};
	objectVersion = 50;
	objects = {

/* Begin PBXBuildFile section */
		01117A7E71BBB3AC7679D341 /* libPods-Reminds.a in Frameworks */ = {isa = PBXBuildFile; fileRef = C073F0808DD9B201A7B7C2B2 /* libPods-Reminds.a */; };
		6E04CE6820A7419800838D03 /* AppDelegate.m in Sources */ = {isa = PBXBuildFile; fileRef = 6E04CE6720A7419800838D03 /* AppDelegate.m */; };
		6E04CE7020A7419900838D03 /* Assets.xcassets in Resources */ = {isa = PBXBuildFile; fileRef = 6E04CE6F20A7419900838D03 /* Assets.xcassets */; };
		6E04CE7320A7419900838D03 /* LaunchScreen.storyboard in Resources */ = {isa = PBXBuildFile; fileRef = 6E04CE7120A7419900838D03 /* LaunchScreen.storyboard */; };
		6E04CE7620A7419900838D03 /* main.m in Sources */ = {isa = PBXBuildFile; fileRef = 6E04CE7520A7419900838D03 /* main.m */; };
		6E04CE8820A742BE00838D03 /* newuser@2x.png in Resources */ = {isa = PBXBuildFile; fileRef = 6E04CE7F20A742BE00838D03 /* newuser@2x.png */; };
		6E04CE8920A742BE00838D03 /* newuser@3x.png in Resources */ = {isa = PBXBuildFile; fileRef = 6E04CE8020A742BE00838D03 /* newuser@3x.png */; };
		6E04CE8A20A742BE00838D03 /* wechat@3x.png in Resources */ = {isa = PBXBuildFile; fileRef = 6E04CE8120A742BE00838D03 /* wechat@3x.png */; };
		6E04CE8B20A742BE00838D03 /* logo.png in Resources */ = {isa = PBXBuildFile; fileRef = 6E04CE8220A742BE00838D03 /* logo.png */; };
		6E04CE8C20A742BE00838D03 /* wechat@2x.png in Resources */ = {isa = PBXBuildFile; fileRef = 6E04CE8320A742BE00838D03 /* wechat@2x.png */; };
		6E04CE8D20A742BE00838D03 /* newuser.png in Resources */ = {isa = PBXBuildFile; fileRef = 6E04CE8420A742BE00838D03 /* newuser.png */; };
		6E04CE8E20A742BE00838D03 /* wechat.png in Resources */ = {isa = PBXBuildFile; fileRef = 6E04CE8520A742BE00838D03 /* wechat.png */; };
		6E04CE8F20A742BE00838D03 /* logo@2x.png in Resources */ = {isa = PBXBuildFile; fileRef = 6E04CE8620A742BE00838D03 /* logo@2x.png */; };
		6E04CE9020A742BE00838D03 /* logo@3x.png in Resources */ = {isa = PBXBuildFile; fileRef = 6E04CE8720A742BE00838D03 /* logo@3x.png */; };
		6E04CE9420A742D600838D03 /* LoginViewController.m in Sources */ = {isa = PBXBuildFile; fileRef = 6E04CE9220A742D600838D03 /* LoginViewController.m */; };
		6E04CE9520A742D600838D03 /* LoginViewController.xib in Resources */ = {isa = PBXBuildFile; fileRef = 6E04CE9320A742D600838D03 /* LoginViewController.xib */; };
		6E04CEA320A750B100838D03 /* back.png in Resources */ = {isa = PBXBuildFile; fileRef = 6E04CEA020A750B000838D03 /* back.png */; };
		6E04CEA420A750B100838D03 /* back@2x.png in Resources */ = {isa = PBXBuildFile; fileRef = 6E04CEA120A750B100838D03 /* back@2x.png */; };
		6E04CEA520A750B100838D03 /* back@3x.png in Resources */ = {isa = PBXBuildFile; fileRef = 6E04CEA220A750B100838D03 /* back@3x.png */; };
		6E04CEB220A753FF00838D03 /* BaseViewController.m in Sources */ = {isa = PBXBuildFile; fileRef = 6E04CEB120A753FF00838D03 /* BaseViewController.m */; };
		6E04CEB620A7541C00838D03 /* ForgetViewController.m in Sources */ = {isa = PBXBuildFile; fileRef = 6E04CEB420A7541C00838D03 /* ForgetViewController.m */; };
		6E04CEB720A7541C00838D03 /* ForgetViewController.xib in Resources */ = {isa = PBXBuildFile; fileRef = 6E04CEB520A7541C00838D03 /* ForgetViewController.xib */; };
		6E04CEBA20A7546B00838D03 /* CustomNavView.m in Sources */ = {isa = PBXBuildFile; fileRef = 6E04CEB920A7546B00838D03 /* CustomNavView.m */; };
		6E8C432920AA80DB00CC4099 /* RemindsViewController.m in Sources */ = {isa = PBXBuildFile; fileRef = 6E8C432720AA80DB00CC4099 /* RemindsViewController.m */; };
		6E8C432A20AA80DB00CC4099 /* RemindsViewController.xib in Resources */ = {isa = PBXBuildFile; fileRef = 6E8C432820AA80DB00CC4099 /* RemindsViewController.xib */; };
		6E8C432E20AA810300CC4099 /* ContactViewController.m in Sources */ = {isa = PBXBuildFile; fileRef = 6E8C432C20AA810300CC4099 /* ContactViewController.m */; };
		6E8C432F20AA810300CC4099 /* ContactViewController.xib in Resources */ = {isa = PBXBuildFile; fileRef = 6E8C432D20AA810300CC4099 /* ContactViewController.xib */; };
		6E8C433320AA864F00CC4099 /* TabBarController.m in Sources */ = {isa = PBXBuildFile; fileRef = 6E8C433120AA864F00CC4099 /* TabBarController.m */; };
		6E8C433420AA864F00CC4099 /* TabBarController.xib in Resources */ = {isa = PBXBuildFile; fileRef = 6E8C433220AA864F00CC4099 /* TabBarController.xib */; };
		6E8C433B20AACB1700CC4099 /* tab_reminds@3x.png in Resources */ = {isa = PBXBuildFile; fileRef = 6E8C433520AACB1700CC4099 /* tab_reminds@3x.png */; };
		6E8C433C20AACB1700CC4099 /* tab_contact@3x.png in Resources */ = {isa = PBXBuildFile; fileRef = 6E8C433620AACB1700CC4099 /* tab_contact@3x.png */; };
		6E8C433D20AACB1700CC4099 /* tab_reminds.png in Resources */ = {isa = PBXBuildFile; fileRef = 6E8C433720AACB1700CC4099 /* tab_reminds.png */; };
		6E8C433E20AACB1700CC4099 /* tab_contact@2x.png in Resources */ = {isa = PBXBuildFile; fileRef = 6E8C433820AACB1700CC4099 /* tab_contact@2x.png */; };
		6E8C433F20AACB1700CC4099 /* tab_contact.png in Resources */ = {isa = PBXBuildFile; fileRef = 6E8C433920AACB1700CC4099 /* tab_contact.png */; };
		6E8C434020AACB1700CC4099 /* tab_reminds@2x.png in Resources */ = {isa = PBXBuildFile; fileRef = 6E8C433A20AACB1700CC4099 /* tab_reminds@2x.png */; };
		6EAE436D20A9E61800665409 /* RegisterViewController.m in Sources */ = {isa = PBXBuildFile; fileRef = 6EAE436B20A9E61800665409 /* RegisterViewController.m */; };
		6EAE436E20A9E61800665409 /* RegisterViewController.xib in Resources */ = {isa = PBXBuildFile; fileRef = 6EAE436C20A9E61800665409 /* RegisterViewController.xib */; };
/* End PBXBuildFile section */

/* Begin PBXFileReference section */
		5AA4E7CB135A6F059494C2A7 /* Pods-Reminds.release.xcconfig */ = {isa = PBXFileReference; includeInIndex = 1; lastKnownFileType = text.xcconfig; name = "Pods-Reminds.release.xcconfig"; path = "Pods/Target Support Files/Pods-Reminds/Pods-Reminds.release.xcconfig"; sourceTree = "<group>"; };
		6E04CE6320A7419800838D03 /* Reminds.app */ = {isa = PBXFileReference; explicitFileType = wrapper.application; includeInIndex = 0; path = Reminds.app; sourceTree = BUILT_PRODUCTS_DIR; };
		6E04CE6620A7419800838D03 /* AppDelegate.h */ = {isa = PBXFileReference; lastKnownFileType = sourcecode.c.h; path = AppDelegate.h; sourceTree = "<group>"; };
		6E04CE6720A7419800838D03 /* AppDelegate.m */ = {isa = PBXFileReference; lastKnownFileType = sourcecode.c.objc; path = AppDelegate.m; sourceTree = "<group>"; };
		6E04CE6F20A7419900838D03 /* Assets.xcassets */ = {isa = PBXFileReference; lastKnownFileType = folder.assetcatalog; path = Assets.xcassets; sourceTree = "<group>"; };
		6E04CE7220A7419900838D03 /* Base */ = {isa = PBXFileReference; lastKnownFileType = file.storyboard; name = Base; path = Base.lproj/LaunchScreen.storyboard; sourceTree = "<group>"; };
		6E04CE7420A7419900838D03 /* Info.plist */ = {isa = PBXFileReference; lastKnownFileType = text.plist.xml; path = Info.plist; sourceTree = "<group>"; };
		6E04CE7520A7419900838D03 /* main.m */ = {isa = PBXFileReference; lastKnownFileType = sourcecode.c.objc; path = main.m; sourceTree = "<group>"; };
		6E04CE7F20A742BE00838D03 /* newuser@2x.png */ = {isa = PBXFileReference; lastKnownFileType = image.png; path = "newuser@2x.png"; sourceTree = "<group>"; };
		6E04CE8020A742BE00838D03 /* newuser@3x.png */ = {isa = PBXFileReference; lastKnownFileType = image.png; path = "newuser@3x.png"; sourceTree = "<group>"; };
		6E04CE8120A742BE00838D03 /* wechat@3x.png */ = {isa = PBXFileReference; lastKnownFileType = image.png; path = "wechat@3x.png"; sourceTree = "<group>"; };
		6E04CE8220A742BE00838D03 /* logo.png */ = {isa = PBXFileReference; lastKnownFileType = image.png; path = logo.png; sourceTree = "<group>"; };
		6E04CE8320A742BE00838D03 /* wechat@2x.png */ = {isa = PBXFileReference; lastKnownFileType = image.png; path = "wechat@2x.png"; sourceTree = "<group>"; };
		6E04CE8420A742BE00838D03 /* newuser.png */ = {isa = PBXFileReference; lastKnownFileType = image.png; path = newuser.png; sourceTree = "<group>"; };
		6E04CE8520A742BE00838D03 /* wechat.png */ = {isa = PBXFileReference; lastKnownFileType = image.png; path = wechat.png; sourceTree = "<group>"; };
		6E04CE8620A742BE00838D03 /* logo@2x.png */ = {isa = PBXFileReference; lastKnownFileType = image.png; path = "logo@2x.png"; sourceTree = "<group>"; };
		6E04CE8720A742BE00838D03 /* logo@3x.png */ = {isa = PBXFileReference; lastKnownFileType = image.png; path = "logo@3x.png"; sourceTree = "<group>"; };
		6E04CE9120A742D600838D03 /* LoginViewController.h */ = {isa = PBXFileReference; fileEncoding = 4; lastKnownFileType = sourcecode.c.h; path = LoginViewController.h; sourceTree = "<group>"; };
		6E04CE9220A742D600838D03 /* LoginViewController.m */ = {isa = PBXFileReference; fileEncoding = 4; lastKnownFileType = sourcecode.c.objc; path = LoginViewController.m; sourceTree = "<group>"; };
		6E04CE9320A742D600838D03 /* LoginViewController.xib */ = {isa = PBXFileReference; fileEncoding = 4; lastKnownFileType = file.xib; path = LoginViewController.xib; sourceTree = "<group>"; };
		6E04CE9620A74E4700838D03 /* PrefixHeader.pch */ = {isa = PBXFileReference; lastKnownFileType = sourcecode.c.h; path = PrefixHeader.pch; sourceTree = "<group>"; };
		6E04CEA020A750B000838D03 /* back.png */ = {isa = PBXFileReference; lastKnownFileType = image.png; path = back.png; sourceTree = "<group>"; };
		6E04CEA120A750B100838D03 /* back@2x.png */ = {isa = PBXFileReference; lastKnownFileType = image.png; path = "back@2x.png"; sourceTree = "<group>"; };
		6E04CEA220A750B100838D03 /* back@3x.png */ = {isa = PBXFileReference; lastKnownFileType = image.png; path = "back@3x.png"; sourceTree = "<group>"; };
		6E04CEB020A753FF00838D03 /* BaseViewController.h */ = {isa = PBXFileReference; lastKnownFileType = sourcecode.c.h; path = BaseViewController.h; sourceTree = "<group>"; };
		6E04CEB120A753FF00838D03 /* BaseViewController.m */ = {isa = PBXFileReference; lastKnownFileType = sourcecode.c.objc; path = BaseViewController.m; sourceTree = "<group>"; };
		6E04CEB320A7541C00838D03 /* ForgetViewController.h */ = {isa = PBXFileReference; lastKnownFileType = sourcecode.c.h; path = ForgetViewController.h; sourceTree = "<group>"; };
		6E04CEB420A7541C00838D03 /* ForgetViewController.m */ = {isa = PBXFileReference; lastKnownFileType = sourcecode.c.objc; path = ForgetViewController.m; sourceTree = "<group>"; };
		6E04CEB520A7541C00838D03 /* ForgetViewController.xib */ = {isa = PBXFileReference; lastKnownFileType = file.xib; path = ForgetViewController.xib; sourceTree = "<group>"; };
		6E04CEB820A7546B00838D03 /* CustomNavView.h */ = {isa = PBXFileReference; lastKnownFileType = sourcecode.c.h; path = CustomNavView.h; sourceTree = "<group>"; };
		6E04CEB920A7546B00838D03 /* CustomNavView.m */ = {isa = PBXFileReference; lastKnownFileType = sourcecode.c.objc; path = CustomNavView.m; sourceTree = "<group>"; };
		6E8C432620AA80DB00CC4099 /* RemindsViewController.h */ = {isa = PBXFileReference; lastKnownFileType = sourcecode.c.h; path = RemindsViewController.h; sourceTree = "<group>"; };
		6E8C432720AA80DB00CC4099 /* RemindsViewController.m */ = {isa = PBXFileReference; lastKnownFileType = sourcecode.c.objc; path = RemindsViewController.m; sourceTree = "<group>"; };
		6E8C432820AA80DB00CC4099 /* RemindsViewController.xib */ = {isa = PBXFileReference; lastKnownFileType = file.xib; path = RemindsViewController.xib; sourceTree = "<group>"; };
		6E8C432B20AA810300CC4099 /* ContactViewController.h */ = {isa = PBXFileReference; lastKnownFileType = sourcecode.c.h; path = ContactViewController.h; sourceTree = "<group>"; };
		6E8C432C20AA810300CC4099 /* ContactViewController.m */ = {isa = PBXFileReference; lastKnownFileType = sourcecode.c.objc; path = ContactViewController.m; sourceTree = "<group>"; };
		6E8C432D20AA810300CC4099 /* ContactViewController.xib */ = {isa = PBXFileReference; lastKnownFileType = file.xib; path = ContactViewController.xib; sourceTree = "<group>"; };
		6E8C433020AA864F00CC4099 /* TabBarController.h */ = {isa = PBXFileReference; lastKnownFileType = sourcecode.c.h; path = TabBarController.h; sourceTree = "<group>"; };
		6E8C433120AA864F00CC4099 /* TabBarController.m */ = {isa = PBXFileReference; lastKnownFileType = sourcecode.c.objc; path = TabBarController.m; sourceTree = "<group>"; };
		6E8C433220AA864F00CC4099 /* TabBarController.xib */ = {isa = PBXFileReference; lastKnownFileType = file.xib; path = TabBarController.xib; sourceTree = "<group>"; };
		6E8C433520AACB1700CC4099 /* tab_reminds@3x.png */ = {isa = PBXFileReference; lastKnownFileType = image.png; path = "tab_reminds@3x.png"; sourceTree = "<group>"; };
		6E8C433620AACB1700CC4099 /* tab_contact@3x.png */ = {isa = PBXFileReference; lastKnownFileType = image.png; path = "tab_contact@3x.png"; sourceTree = "<group>"; };
		6E8C433720AACB1700CC4099 /* tab_reminds.png */ = {isa = PBXFileReference; lastKnownFileType = image.png; path = tab_reminds.png; sourceTree = "<group>"; };
		6E8C433820AACB1700CC4099 /* tab_contact@2x.png */ = {isa = PBXFileReference; lastKnownFileType = image.png; path = "tab_contact@2x.png"; sourceTree = "<group>"; };
		6E8C433920AACB1700CC4099 /* tab_contact.png */ = {isa = PBXFileReference; lastKnownFileType = image.png; path = tab_contact.png; sourceTree = "<group>"; };
		6E8C433A20AACB1700CC4099 /* tab_reminds@2x.png */ = {isa = PBXFileReference; lastKnownFileType = image.png; path = "tab_reminds@2x.png"; sourceTree = "<group>"; };
		6EAE436920A9E14B00665409 /* Constant.h */ = {isa = PBXFileReference; lastKnownFileType = sourcecode.c.h; path = Constant.h; sourceTree = "<group>"; };
		6EAE436A20A9E61800665409 /* RegisterViewController.h */ = {isa = PBXFileReference; lastKnownFileType = sourcecode.c.h; path = RegisterViewController.h; sourceTree = "<group>"; };
		6EAE436B20A9E61800665409 /* RegisterViewController.m */ = {isa = PBXFileReference; lastKnownFileType = sourcecode.c.objc; path = RegisterViewController.m; sourceTree = "<group>"; };
		6EAE436C20A9E61800665409 /* RegisterViewController.xib */ = {isa = PBXFileReference; lastKnownFileType = file.xib; path = RegisterViewController.xib; sourceTree = "<group>"; };
		7A0D20005BD68B43DB1F3E33 /* Pods-Reminds.debug.xcconfig */ = {isa = PBXFileReference; includeInIndex = 1; lastKnownFileType = text.xcconfig; name = "Pods-Reminds.debug.xcconfig"; path = "Pods/Target Support Files/Pods-Reminds/Pods-Reminds.debug.xcconfig"; sourceTree = "<group>"; };
		C073F0808DD9B201A7B7C2B2 /* libPods-Reminds.a */ = {isa = PBXFileReference; explicitFileType = archive.ar; includeInIndex = 0; path = "libPods-Reminds.a"; sourceTree = BUILT_PRODUCTS_DIR; };
/* End PBXFileReference section */

/* Begin PBXFrameworksBuildPhase section */
		6E04CE6020A7419800838D03 /* Frameworks */ = {
			isa = PBXFrameworksBuildPhase;
			buildActionMask = 2147483647;
			files = (
				01117A7E71BBB3AC7679D341 /* libPods-Reminds.a in Frameworks */,
			);
			runOnlyForDeploymentPostprocessing = 0;
		};
/* End PBXFrameworksBuildPhase section */

/* Begin PBXGroup section */
		22CC0BE349D36C530FA6B15C /* Pods */ = {
			isa = PBXGroup;
			children = (
				7A0D20005BD68B43DB1F3E33 /* Pods-Reminds.debug.xcconfig */,
				5AA4E7CB135A6F059494C2A7 /* Pods-Reminds.release.xcconfig */,
			);
			name = Pods;
			sourceTree = "<group>";
		};
		64A315F9D2681AEAFD5FED49 /* Frameworks */ = {
			isa = PBXGroup;
			children = (
				C073F0808DD9B201A7B7C2B2 /* libPods-Reminds.a */,
			);
			name = Frameworks;
			sourceTree = "<group>";
		};
		6E04CE5A20A7419800838D03 = {
			isa = PBXGroup;
			children = (
				6E04CE6520A7419800838D03 /* Reminds */,
				6E04CE6420A7419800838D03 /* Products */,
				22CC0BE349D36C530FA6B15C /* Pods */,
				64A315F9D2681AEAFD5FED49 /* Frameworks */,
			);
			sourceTree = "<group>";
		};
		6E04CE6420A7419800838D03 /* Products */ = {
			isa = PBXGroup;
			children = (
				6E04CE6320A7419800838D03 /* Reminds.app */,
			);
			name = Products;
			sourceTree = "<group>";
		};
		6E04CE6520A7419800838D03 /* Reminds */ = {
			isa = PBXGroup;
			children = (
				6E8C432520AA80C200CC4099 /* Tab */,
				6E04CE9720A74FF800838D03 /* Base */,
				6E04CE7E20A742A400838D03 /* Login */,
				6E04CE7D20A7429900838D03 /* Resources */,
				6E04CE7C20A7427F00838D03 /* Other */,
			);
			path = Reminds;
			sourceTree = "<group>";
		};
		6E04CE7C20A7427F00838D03 /* Other */ = {
			isa = PBXGroup;
			children = (
				6E04CE6620A7419800838D03 /* AppDelegate.h */,
				6E04CE6720A7419800838D03 /* AppDelegate.m */,
				6E04CE6F20A7419900838D03 /* Assets.xcassets */,
				6E04CE7120A7419900838D03 /* LaunchScreen.storyboard */,
				6E04CE7420A7419900838D03 /* Info.plist */,
				6E04CE7520A7419900838D03 /* main.m */,
				6E04CE9620A74E4700838D03 /* PrefixHeader.pch */,
				6EAE436920A9E14B00665409 /* Constant.h */,
			);
			path = Other;
			sourceTree = "<group>";
		};
		6E04CE7D20A7429900838D03 /* Resources */ = {
			isa = PBXGroup;
			children = (
				6E8C433920AACB1700CC4099 /* tab_contact.png */,
				6E8C433820AACB1700CC4099 /* tab_contact@2x.png */,
				6E8C433620AACB1700CC4099 /* tab_contact@3x.png */,
				6E8C433720AACB1700CC4099 /* tab_reminds.png */,
				6E8C433A20AACB1700CC4099 /* tab_reminds@2x.png */,
				6E8C433520AACB1700CC4099 /* tab_reminds@3x.png */,
				6E04CEA020A750B000838D03 /* back.png */,
				6E04CEA120A750B100838D03 /* back@2x.png */,
				6E04CEA220A750B100838D03 /* back@3x.png */,
				6E04CE8220A742BE00838D03 /* logo.png */,
				6E04CE8620A742BE00838D03 /* logo@2x.png */,
				6E04CE8720A742BE00838D03 /* logo@3x.png */,
				6E04CE8420A742BE00838D03 /* newuser.png */,
				6E04CE7F20A742BE00838D03 /* newuser@2x.png */,
				6E04CE8020A742BE00838D03 /* newuser@3x.png */,
				6E04CE8520A742BE00838D03 /* wechat.png */,
				6E04CE8320A742BE00838D03 /* wechat@2x.png */,
				6E04CE8120A742BE00838D03 /* wechat@3x.png */,
			);
			path = Resources;
			sourceTree = "<group>";
		};
		6E04CE7E20A742A400838D03 /* Login */ = {
			isa = PBXGroup;
			children = (
				6E04CE9120A742D600838D03 /* LoginViewController.h */,
				6E04CE9220A742D600838D03 /* LoginViewController.m */,
				6E04CE9320A742D600838D03 /* LoginViewController.xib */,
				6E04CEB320A7541C00838D03 /* ForgetViewController.h */,
				6E04CEB420A7541C00838D03 /* ForgetViewController.m */,
				6E04CEB520A7541C00838D03 /* ForgetViewController.xib */,
				6EAE436A20A9E61800665409 /* RegisterViewController.h */,
				6EAE436B20A9E61800665409 /* RegisterViewController.m */,
				6EAE436C20A9E61800665409 /* RegisterViewController.xib */,
			);
			path = Login;
			sourceTree = "<group>";
		};
		6E04CE9720A74FF800838D03 /* Base */ = {
			isa = PBXGroup;
			children = (
				6E04CEB020A753FF00838D03 /* BaseViewController.h */,
				6E04CEB120A753FF00838D03 /* BaseViewController.m */,
				6E04CEB820A7546B00838D03 /* CustomNavView.h */,
				6E04CEB920A7546B00838D03 /* CustomNavView.m */,
				6E8C433020AA864F00CC4099 /* TabBarController.h */,
				6E8C433120AA864F00CC4099 /* TabBarController.m */,
				6E8C433220AA864F00CC4099 /* TabBarController.xib */,
			);
			path = Base;
			sourceTree = "<group>";
		};
		6E8C432520AA80C200CC4099 /* Tab */ = {
			isa = PBXGroup;
			children = (
				6E8C432620AA80DB00CC4099 /* RemindsViewController.h */,
				6E8C432720AA80DB00CC4099 /* RemindsViewController.m */,
				6E8C432820AA80DB00CC4099 /* RemindsViewController.xib */,
				6E8C432B20AA810300CC4099 /* ContactViewController.h */,
				6E8C432C20AA810300CC4099 /* ContactViewController.m */,
				6E8C432D20AA810300CC4099 /* ContactViewController.xib */,
			);
			path = Tab;
			sourceTree = "<group>";
		};
/* End PBXGroup section */

/* Begin PBXNativeTarget section */
		6E04CE6220A7419800838D03 /* Reminds */ = {
			isa = PBXNativeTarget;
			buildConfigurationList = 6E04CE7920A7419900838D03 /* Build configuration list for PBXNativeTarget "Reminds" */;
			buildPhases = (
				149079CF0A705E164E62BEBD /* [CP] Check Pods Manifest.lock */,
				6E04CE5F20A7419800838D03 /* Sources */,
				6E04CE6020A7419800838D03 /* Frameworks */,
				6E04CE6120A7419800838D03 /* Resources */,
				3953532FBDA6A9AEFB7ABEA8 /* [CP] Copy Pods Resources */,
			);
			buildRules = (
			);
			dependencies = (
			);
			name = Reminds;
			productName = Reminds;
			productReference = 6E04CE6320A7419800838D03 /* Reminds.app */;
			productType = "com.apple.product-type.application";
		};
/* End PBXNativeTarget section */

/* Begin PBXProject section */
		6E04CE5B20A7419800838D03 /* Project object */ = {
			isa = PBXProject;
			attributes = {
				LastUpgradeCheck = 0930;
				ORGANIZATIONNAME = braspring;
				TargetAttributes = {
					6E04CE6220A7419800838D03 = {
						CreatedOnToolsVersion = 9.3;
					};
				};
			};
			buildConfigurationList = 6E04CE5E20A7419800838D03 /* Build configuration list for PBXProject "Reminds" */;
			compatibilityVersion = "Xcode 9.3";
			developmentRegion = en;
			hasScannedForEncodings = 0;
			knownRegions = (
				en,
				Base,
			);
			mainGroup = 6E04CE5A20A7419800838D03;
			productRefGroup = 6E04CE6420A7419800838D03 /* Products */;
			projectDirPath = "";
			projectRoot = "";
			targets = (
				6E04CE6220A7419800838D03 /* Reminds */,
			);
		};
/* End PBXProject section */

/* Begin PBXResourcesBuildPhase section */
		6E04CE6120A7419800838D03 /* Resources */ = {
			isa = PBXResourcesBuildPhase;
			buildActionMask = 2147483647;
			files = (
				6E04CE8820A742BE00838D03 /* newuser@2x.png in Resources */,
				6E8C434020AACB1700CC4099 /* tab_reminds@2x.png in Resources */,
				6E8C433E20AACB1700CC4099 /* tab_contact@2x.png in Resources */,
				6E04CE8F20A742BE00838D03 /* logo@2x.png in Resources */,
				6E04CEA420A750B100838D03 /* back@2x.png in Resources */,
				6E04CE8920A742BE00838D03 /* newuser@3x.png in Resources */,
				6E04CE7320A7419900838D03 /* LaunchScreen.storyboard in Resources */,
				6E8C432A20AA80DB00CC4099 /* RemindsViewController.xib in Resources */,
				6E8C432F20AA810300CC4099 /* ContactViewController.xib in Resources */,
				6E8C433D20AACB1700CC4099 /* tab_reminds.png in Resources */,
				6E8C433B20AACB1700CC4099 /* tab_reminds@3x.png in Resources */,
				6E04CEA320A750B100838D03 /* back.png in Resources */,
				6E04CE8E20A742BE00838D03 /* wechat.png in Resources */,
				6E04CE8A20A742BE00838D03 /* wechat@3x.png in Resources */,
				6E04CE8B20A742BE00838D03 /* logo.png in Resources */,
				6E04CE7020A7419900838D03 /* Assets.xcassets in Resources */,
				6E04CEA520A750B100838D03 /* back@3x.png in Resources */,
				6E04CE8D20A742BE00838D03 /* newuser.png in Resources */,
				6E04CE9520A742D600838D03 /* LoginViewController.xib in Resources */,
				6E8C433C20AACB1700CC4099 /* tab_contact@3x.png in Resources */,
				6E04CE8C20A742BE00838D03 /* wechat@2x.png in Resources */,
				6E04CE9020A742BE00838D03 /* logo@3x.png in Resources */,
				6E8C433420AA864F00CC4099 /* TabBarController.xib in Resources */,
				6EAE436E20A9E61800665409 /* RegisterViewController.xib in Resources */,
				6E8C433F20AACB1700CC4099 /* tab_contact.png in Resources */,
				6E04CEB720A7541C00838D03 /* ForgetViewController.xib in Resources */,
			);
			runOnlyForDeploymentPostprocessing = 0;
		};
/* End PBXResourcesBuildPhase section */

/* Begin PBXShellScriptBuildPhase section */
		149079CF0A705E164E62BEBD /* [CP] Check Pods Manifest.lock */ = {
			isa = PBXShellScriptBuildPhase;
			buildActionMask = 2147483647;
			files = (
			);
			inputPaths = (
				"${PODS_PODFILE_DIR_PATH}/Podfile.lock",
				"${PODS_ROOT}/Manifest.lock",
			);
			name = "[CP] Check Pods Manifest.lock";
			outputPaths = (
				"$(DERIVED_FILE_DIR)/Pods-Reminds-checkManifestLockResult.txt",
			);
			runOnlyForDeploymentPostprocessing = 0;
			shellPath = /bin/sh;
			shellScript = "diff \"${PODS_PODFILE_DIR_PATH}/Podfile.lock\" \"${PODS_ROOT}/Manifest.lock\" > /dev/null\nif [ $? != 0 ] ; then\n    # print error to STDERR\n    echo \"error: The sandbox is not in sync with the Podfile.lock. Run 'pod install' or update your CocoaPods installation.\" >&2\n    exit 1\nfi\n# This output is used by Xcode 'outputs' to avoid re-running this script phase.\necho \"SUCCESS\" > \"${SCRIPT_OUTPUT_FILE_0}\"\n";
			showEnvVarsInLog = 0;
		};
		3953532FBDA6A9AEFB7ABEA8 /* [CP] Copy Pods Resources */ = {
			isa = PBXShellScriptBuildPhase;
			buildActionMask = 2147483647;
			files = (
			);
			inputPaths = (
				"${SRCROOT}/Pods/Target Support Files/Pods-Reminds/Pods-Reminds-resources.sh",
				"${PODS_ROOT}/IQKeyboardManager/IQKeyboardManager/Resources/IQKeyboardManager.bundle",
				"${PODS_ROOT}/MJRefresh/MJRefresh/MJRefresh.bundle",
			);
			name = "[CP] Copy Pods Resources";
			outputPaths = (
				"${TARGET_BUILD_DIR}/${UNLOCALIZED_RESOURCES_FOLDER_PATH}/IQKeyboardManager.bundle",
				"${TARGET_BUILD_DIR}/${UNLOCALIZED_RESOURCES_FOLDER_PATH}/MJRefresh.bundle",
			);
			runOnlyForDeploymentPostprocessing = 0;
			shellPath = /bin/sh;
			shellScript = "\"${SRCROOT}/Pods/Target Support Files/Pods-Reminds/Pods-Reminds-resources.sh\"\n";
			showEnvVarsInLog = 0;
		};
/* End PBXShellScriptBuildPhase section */

/* Begin PBXSourcesBuildPhase section */
		6E04CE5F20A7419800838D03 /* Sources */ = {
			isa = PBXSourcesBuildPhase;
			buildActionMask = 2147483647;
			files = (
				6E04CE9420A742D600838D03 /* LoginViewController.m in Sources */,
				6E04CEB620A7541C00838D03 /* ForgetViewController.m in Sources */,
				6E04CEB220A753FF00838D03 /* BaseViewController.m in Sources */,
				6E8C432920AA80DB00CC4099 /* RemindsViewController.m in Sources */,
				6E8C432E20AA810300CC4099 /* ContactViewController.m in Sources */,
				6E04CE7620A7419900838D03 /* main.m in Sources */,
				6EAE436D20A9E61800665409 /* RegisterViewController.m in Sources */,
				6E8C433320AA864F00CC4099 /* TabBarController.m in Sources */,
				6E04CE6820A7419800838D03 /* AppDelegate.m in Sources */,
				6E04CEBA20A7546B00838D03 /* CustomNavView.m in Sources */,
			);
			runOnlyForDeploymentPostprocessing = 0;
		};
/* End PBXSourcesBuildPhase section */

/* Begin PBXVariantGroup section */
		6E04CE7120A7419900838D03 /* LaunchScreen.storyboard */ = {
			isa = PBXVariantGroup;
			children = (
				6E04CE7220A7419900838D03 /* Base */,
			);
			name = LaunchScreen.storyboard;
			sourceTree = "<group>";
		};
/* End PBXVariantGroup section */

/* Begin XCBuildConfiguration section */
		6E04CE7720A7419900838D03 /* Debug */ = {
			isa = XCBuildConfiguration;
			buildSettings = {
				ALWAYS_SEARCH_USER_PATHS = NO;
				CLANG_ANALYZER_NONNULL = YES;
				CLANG_ANALYZER_NUMBER_OBJECT_CONVERSION = YES_AGGRESSIVE;
				CLANG_CXX_LANGUAGE_STANDARD = "gnu++14";
				CLANG_CXX_LIBRARY = "libc++";
				CLANG_ENABLE_MODULES = YES;
				CLANG_ENABLE_OBJC_ARC = YES;
				CLANG_ENABLE_OBJC_WEAK = YES;
				CLANG_WARN_BLOCK_CAPTURE_AUTORELEASING = YES;
				CLANG_WARN_BOOL_CONVERSION = YES;
				CLANG_WARN_COMMA = YES;
				CLANG_WARN_CONSTANT_CONVERSION = YES;
				CLANG_WARN_DEPRECATED_OBJC_IMPLEMENTATIONS = YES;
				CLANG_WARN_DIRECT_OBJC_ISA_USAGE = YES_ERROR;
				CLANG_WARN_DOCUMENTATION_COMMENTS = YES;
				CLANG_WARN_EMPTY_BODY = YES;
				CLANG_WARN_ENUM_CONVERSION = YES;
				CLANG_WARN_INFINITE_RECURSION = YES;
				CLANG_WARN_INT_CONVERSION = YES;
				CLANG_WARN_NON_LITERAL_NULL_CONVERSION = YES;
				CLANG_WARN_OBJC_IMPLICIT_RETAIN_SELF = YES;
				CLANG_WARN_OBJC_LITERAL_CONVERSION = YES;
				CLANG_WARN_OBJC_ROOT_CLASS = YES_ERROR;
				CLANG_WARN_RANGE_LOOP_ANALYSIS = YES;
				CLANG_WARN_STRICT_PROTOTYPES = YES;
				CLANG_WARN_SUSPICIOUS_MOVE = YES;
				CLANG_WARN_UNGUARDED_AVAILABILITY = YES_AGGRESSIVE;
				CLANG_WARN_UNREACHABLE_CODE = YES;
				CLANG_WARN__DUPLICATE_METHOD_MATCH = YES;
				CODE_SIGN_IDENTITY = "iPhone Developer";
				COPY_PHASE_STRIP = NO;
				DEBUG_INFORMATION_FORMAT = dwarf;
				ENABLE_STRICT_OBJC_MSGSEND = YES;
				ENABLE_TESTABILITY = YES;
				GCC_C_LANGUAGE_STANDARD = gnu11;
				GCC_DYNAMIC_NO_PIC = NO;
				GCC_NO_COMMON_BLOCKS = YES;
				GCC_OPTIMIZATION_LEVEL = 0;
				GCC_PREPROCESSOR_DEFINITIONS = (
					"DEBUG=1",
					"$(inherited)",
				);
				GCC_WARN_64_TO_32_BIT_CONVERSION = YES;
				GCC_WARN_ABOUT_RETURN_TYPE = YES_ERROR;
				GCC_WARN_UNDECLARED_SELECTOR = YES;
				GCC_WARN_UNINITIALIZED_AUTOS = YES_AGGRESSIVE;
				GCC_WARN_UNUSED_FUNCTION = YES;
				GCC_WARN_UNUSED_VARIABLE = YES;
				IPHONEOS_DEPLOYMENT_TARGET = 11.3;
				MTL_ENABLE_DEBUG_INFO = YES;
				ONLY_ACTIVE_ARCH = YES;
				SDKROOT = iphoneos;
			};
			name = Debug;
		};
		6E04CE7820A7419900838D03 /* Release */ = {
			isa = XCBuildConfiguration;
			buildSettings = {
				ALWAYS_SEARCH_USER_PATHS = NO;
				CLANG_ANALYZER_NONNULL = YES;
				CLANG_ANALYZER_NUMBER_OBJECT_CONVERSION = YES_AGGRESSIVE;
				CLANG_CXX_LANGUAGE_STANDARD = "gnu++14";
				CLANG_CXX_LIBRARY = "libc++";
				CLANG_ENABLE_MODULES = YES;
				CLANG_ENABLE_OBJC_ARC = YES;
				CLANG_ENABLE_OBJC_WEAK = YES;
				CLANG_WARN_BLOCK_CAPTURE_AUTORELEASING = YES;
				CLANG_WARN_BOOL_CONVERSION = YES;
				CLANG_WARN_COMMA = YES;
				CLANG_WARN_CONSTANT_CONVERSION = YES;
				CLANG_WARN_DEPRECATED_OBJC_IMPLEMENTATIONS = YES;
				CLANG_WARN_DIRECT_OBJC_ISA_USAGE = YES_ERROR;
				CLANG_WARN_DOCUMENTATION_COMMENTS = YES;
				CLANG_WARN_EMPTY_BODY = YES;
				CLANG_WARN_ENUM_CONVERSION = YES;
				CLANG_WARN_INFINITE_RECURSION = YES;
				CLANG_WARN_INT_CONVERSION = YES;
				CLANG_WARN_NON_LITERAL_NULL_CONVERSION = YES;
				CLANG_WARN_OBJC_IMPLICIT_RETAIN_SELF = YES;
				CLANG_WARN_OBJC_LITERAL_CONVERSION = YES;
				CLANG_WARN_OBJC_ROOT_CLASS = YES_ERROR;
				CLANG_WARN_RANGE_LOOP_ANALYSIS = YES;
				CLANG_WARN_STRICT_PROTOTYPES = YES;
				CLANG_WARN_SUSPICIOUS_MOVE = YES;
				CLANG_WARN_UNGUARDED_AVAILABILITY = YES_AGGRESSIVE;
				CLANG_WARN_UNREACHABLE_CODE = YES;
				CLANG_WARN__DUPLICATE_METHOD_MATCH = YES;
				CODE_SIGN_IDENTITY = "iPhone Developer";
				COPY_PHASE_STRIP = NO;
				DEBUG_INFORMATION_FORMAT = "dwarf-with-dsym";
				ENABLE_NS_ASSERTIONS = NO;
				ENABLE_STRICT_OBJC_MSGSEND = YES;
				GCC_C_LANGUAGE_STANDARD = gnu11;
				GCC_NO_COMMON_BLOCKS = YES;
				GCC_WARN_64_TO_32_BIT_CONVERSION = YES;
				GCC_WARN_ABOUT_RETURN_TYPE = YES_ERROR;
				GCC_WARN_UNDECLARED_SELECTOR = YES;
				GCC_WARN_UNINITIALIZED_AUTOS = YES_AGGRESSIVE;
				GCC_WARN_UNUSED_FUNCTION = YES;
				GCC_WARN_UNUSED_VARIABLE = YES;
				IPHONEOS_DEPLOYMENT_TARGET = 11.3;
				MTL_ENABLE_DEBUG_INFO = NO;
				SDKROOT = iphoneos;
				VALIDATE_PRODUCT = YES;
			};
			name = Release;
		};
		6E04CE7A20A7419900838D03 /* Debug */ = {
			isa = XCBuildConfiguration;
			baseConfigurationReference = 7A0D20005BD68B43DB1F3E33 /* Pods-Reminds.debug.xcconfig */;
			buildSettings = {
				ASSETCATALOG_COMPILER_APPICON_NAME = AppIcon;
				CODE_SIGN_STYLE = Manual;
				DEVELOPMENT_TEAM = "";
				GCC_PREFIX_HEADER = "$(SRCROOT)/Reminds/Other/PrefixHeader.pch";
				INFOPLIST_FILE = Reminds/Other/Info.plist;
				IPHONEOS_DEPLOYMENT_TARGET = 9.0;
				LD_RUNPATH_SEARCH_PATHS = (
					"$(inherited)",
					"@executable_path/Frameworks",
				);
				PRODUCT_BUNDLE_IDENTIFIER = com.reminds.Reminds;
				PRODUCT_NAME = "$(TARGET_NAME)";
				PROVISIONING_PROFILE_SPECIFIER = "";
				TARGETED_DEVICE_FAMILY = 1;
			};
			name = Debug;
		};
		6E04CE7B20A7419900838D03 /* Release */ = {
			isa = XCBuildConfiguration;
			baseConfigurationReference = 5AA4E7CB135A6F059494C2A7 /* Pods-Reminds.release.xcconfig */;
			buildSettings = {
				ASSETCATALOG_COMPILER_APPICON_NAME = AppIcon;
				CODE_SIGN_STYLE = Manual;
				DEVELOPMENT_TEAM = "";
				GCC_PREFIX_HEADER = "$(SRCROOT)/Reminds/Other/PrefixHeader.pch";
				INFOPLIST_FILE = Reminds/Other/Info.plist;
				IPHONEOS_DEPLOYMENT_TARGET = 9.0;
				LD_RUNPATH_SEARCH_PATHS = (
					"$(inherited)",
					"@executable_path/Frameworks",
				);
				PRODUCT_BUNDLE_IDENTIFIER = com.reminds.Reminds;
				PRODUCT_NAME = "$(TARGET_NAME)";
				PROVISIONING_PROFILE_SPECIFIER = "";
				TARGETED_DEVICE_FAMILY = 1;
			};
			name = Release;
		};
/* End XCBuildConfiguration section */

/* Begin XCConfigurationList section */
		6E04CE5E20A7419800838D03 /* Build configuration list for PBXProject "Reminds" */ = {
			isa = XCConfigurationList;
			buildConfigurations = (
				6E04CE7720A7419900838D03 /* Debug */,
				6E04CE7820A7419900838D03 /* Release */,
			);
			defaultConfigurationIsVisible = 0;
			defaultConfigurationName = Release;
		};
		6E04CE7920A7419900838D03 /* Build configuration list for PBXNativeTarget "Reminds" */ = {
			isa = XCConfigurationList;
			buildConfigurations = (
				6E04CE7A20A7419900838D03 /* Debug */,
				6E04CE7B20A7419900838D03 /* Release */,
			);
			defaultConfigurationIsVisible = 0;
			defaultConfigurationName = Release;
		};
/* End XCConfigurationList section */
	};
	rootObject = 6E04CE5B20A7419800838D03 /* Project object */;
}
